
Microsoft Visual Studio Solution File, Format Version 12.00
# Visual Studio Version 17
VisualStudioVersion = 17.0.32126.317
MinimumVisualStudioVersion = 10.0.40219.1
Project("{FAE04EC0-301F-11D3-BF4B-00C04F79EFBC}") = "MyWaveForms", "MyWaveForms.csproj", "{87C38530-6A3D-4D7F-A6CE-8A786FFAD72E}"
EndProject
Global
	GlobalSection(SolutionConfigurationPlatforms) = preSolution
		Debug|Any CPU = Debug|Any CPU
		Release|Any CPU = Release|Any CPU
	EndGlobalSection
	GlobalSection(ProjectConfigurationPlatforms) = postSolution
		{87C38530-6A3D-4D7F-A6CE-8A786FFAD72E}.Debug|Any CPU.ActiveCfg = Debug|Any CPU
		{87C38530-6A3D-4D7F-A6CE-8A786FFAD72E}.Debug|Any CPU.Build.0 = Debug|Any CPU
		{87C38530-6A3D-4D7F-A6CE-8A786FFAD72E}.Release|Any CPU.ActiveCfg = Release|Any CPU
		{87C38530-6A3D-4D7F-A6CE-8A786FFAD72E}.Release|Any CPU.Build.0 = Release|Any CPU
	EndGlobalSection
	GlobalSection(SolutionProperties) = preSolution
		HideSolutionNode = FALSE
	EndGlobalSection
	GlobalSection(ExtensibilityGlobals) = postSolution
		SolutionGuid = {7BD18595-CF9B-41C5-AFD3-B2696BB3ECB8}
	EndGlobalSection
EndGlobal
